
Microsoft Visual Studio Solution File, Format Version 12.00
# Visual Studio Version 16
VisualStudioVersion = 16.0.30907.101
MinimumVisualStudioVersion = 10.0.40219.1
Project("{9A19103F-16F7-4668-BE54-9A1E7A4F7556}") = "BrickBreakerTest", "BrickBreakerTest\BrickBreakerTest.csproj", "{CF759DFD-A3EF-4F71-AC28-BB5064BE2D66}"
EndProject
Project("{9A19103F-16F7-4668-BE54-9A1E7A4F7556}") = "BrickBreaker", "BrickBreaker\BrickBreaker.csproj", "{0C5C432F-5413-44A9-9950-CB99E4E07AB6}"
EndProject
Global
	GlobalSection(SolutionConfigurationPlatforms) = preSolution
		Debug|Any CPU = Debug|Any CPU
		Release|Any CPU = Release|Any CPU
	EndGlobalSection
	GlobalSection(ProjectConfigurationPlatforms) = postSolution
		{CF759DFD-A3EF-4F71-AC28-BB5064BE2D66}.Debug|Any CPU.ActiveCfg = Debug|Any CPU
		{CF759DFD-A3EF-4F71-AC28-BB5064BE2D66}.Debug|Any CPU.Build.0 = Debug|Any CPU
		{CF759DFD-A3EF-4F71-AC28-BB5064BE2D66}.Release|Any CPU.ActiveCfg = Release|Any CPU
		{CF759DFD-A3EF-4F71-AC28-BB5064BE2D66}.Release|Any CPU.Build.0 = Release|Any CPU
		{0C5C432F-5413-44A9-9950-CB99E4E07AB6}.Debug|Any CPU.ActiveCfg = Debug|Any CPU
		{0C5C432F-5413-44A9-9950-CB99E4E07AB6}.Debug|Any CPU.Build.0 = Debug|Any CPU
		{0C5C432F-5413-44A9-9950-CB99E4E07AB6}.Release|Any CPU.ActiveCfg = Release|Any CPU
		{0C5C432F-5413-44A9-9950-CB99E4E07AB6}.Release|Any CPU.Build.0 = Release|Any CPU
	EndGlobalSection
	GlobalSection(SolutionProperties) = preSolution
		HideSolutionNode = FALSE
	EndGlobalSection
	GlobalSection(ExtensibilityGlobals) = postSolution
		SolutionGuid = {EA8B3A4C-A3D2-4AF7-B1FD-B65A17F3A715}
	EndGlobalSection
EndGlobal
